
Microsoft Visual Studio Solution File, Format Version 12.00
# Visual Studio 15
VisualStudioVersion = 15.0.26430.16
MinimumVisualStudioVersion = 10.0.40219.1
Project("{FAE04EC0-301F-11D3-BF4B-00C04F79EFBC}") = "SuperAdventure", "WindowsFormsApp1\SuperAdventure.csproj", "{789D1FDE-D983-4797-BDFF-E3693B8290EF}"
EndProject
Project("{FAE04EC0-301F-11D3-BF4B-00C04F79EFBC}") = "Engine", "ClassLibrary2\Engine.csproj", "{72DA210F-6C4A-48F7-AD2C-89FAB60AF741}"
EndProject
Global
	GlobalSection(SolutionConfigurationPlatforms) = preSolution
		Debug|Any CPU = Debug|Any CPU
		Release|Any CPU = Release|Any CPU
	EndGlobalSection
	GlobalSection(ProjectConfigurationPlatforms) = postSolution
		{789D1FDE-D983-4797-BDFF-E3693B8290EF}.Debug|Any CPU.ActiveCfg = Debug|Any CPU
		{789D1FDE-D983-4797-BDFF-E3693B8290EF}.Debug|Any CPU.Build.0 = Debug|Any CPU
		{789D1FDE-D983-4797-BDFF-E3693B8290EF}.Release|Any CPU.ActiveCfg = Release|Any CPU
		{789D1FDE-D983-4797-BDFF-E3693B8290EF}.Release|Any CPU.Build.0 = Release|Any CPU
		{72DA210F-6C4A-48F7-AD2C-89FAB60AF741}.Debug|Any CPU.ActiveCfg = Debug|Any CPU
		{72DA210F-6C4A-48F7-AD2C-89FAB60AF741}.Debug|Any CPU.Build.0 = Debug|Any CPU
		{72DA210F-6C4A-48F7-AD2C-89FAB60AF741}.Release|Any CPU.ActiveCfg = Release|Any CPU
		{72DA210F-6C4A-48F7-AD2C-89FAB60AF741}.Release|Any CPU.Build.0 = Release|Any CPU
	EndGlobalSection
	GlobalSection(SolutionProperties) = preSolution
		HideSolutionNode = FALSE
	EndGlobalSection
EndGlobal
